
Microsoft Visual Studio Solution File, Format Version 12.00
# Visual Studio 15
VisualStudioVersion = 15.0.27428.2002
MinimumVisualStudioVersion = 10.0.40219.1
Project("{FAE04EC0-301F-11D3-BF4B-00C04F79EFBC}") = "RHELApi", "RHELApi\RHELApi.csproj", "{9E9C2B3D-AFCB-4198-81A9-7E89620BA9CF}"
EndProject
Project("{E53339B2-1760-4266-BCC7-CA923CBCF16C}") = "docker-compose", "docker-compose.dcproj", "{5B6D6678-2C00-4636-B66B-4CFBCFDE972B}"
EndProject
Global
	GlobalSection(SolutionConfigurationPlatforms) = preSolution
		Debug|Any CPU = Debug|Any CPU
		Release|Any CPU = Release|Any CPU
	EndGlobalSection
	GlobalSection(ProjectConfigurationPlatforms) = postSolution
		{9E9C2B3D-AFCB-4198-81A9-7E89620BA9CF}.Debug|Any CPU.ActiveCfg = Debug|Any CPU
		{9E9C2B3D-AFCB-4198-81A9-7E89620BA9CF}.Debug|Any CPU.Build.0 = Debug|Any CPU
		{9E9C2B3D-AFCB-4198-81A9-7E89620BA9CF}.Release|Any CPU.ActiveCfg = Release|Any CPU
		{9E9C2B3D-AFCB-4198-81A9-7E89620BA9CF}.Release|Any CPU.Build.0 = Release|Any CPU
		{5B6D6678-2C00-4636-B66B-4CFBCFDE972B}.Debug|Any CPU.ActiveCfg = Debug|Any CPU
		{5B6D6678-2C00-4636-B66B-4CFBCFDE972B}.Debug|Any CPU.Build.0 = Debug|Any CPU
		{5B6D6678-2C00-4636-B66B-4CFBCFDE972B}.Release|Any CPU.ActiveCfg = Release|Any CPU
		{5B6D6678-2C00-4636-B66B-4CFBCFDE972B}.Release|Any CPU.Build.0 = Release|Any CPU
	EndGlobalSection
	GlobalSection(SolutionProperties) = preSolution
		HideSolutionNode = FALSE
	EndGlobalSection
	GlobalSection(ExtensibilityGlobals) = postSolution
		SolutionGuid = {E447C194-FA46-473E-9ACB-C65F77044F92}
	EndGlobalSection
EndGlobal
